
Microsoft Visual Studio Solution File, Format Version 12.00
# Visual Studio Version 17
VisualStudioVersion = 17.7.34009.444
MinimumVisualStudioVersion = 10.0.40219.1
Project("{FAE04EC0-301F-11D3-BF4B-00C04F79EFBC}") = "Assembly-CSharp", "Assembly-CSharp.csproj", "{28BA51F6-C95E-1768-77D3-A196B880819A}"
EndProject
Project("{FAE04EC0-301F-11D3-BF4B-00C04F79EFBC}") = "Assembly-CSharp-firstpass", "Assembly-CSharp-firstpass.csproj", "{F819BFE6-69A7-98B6-959C-1E065F20D5AB}"
EndProject
Project("{FAE04EC0-301F-11D3-BF4B-00C04F79EFBC}") = "Assembly-CSharp-Editor", "Assembly-CSharp-Editor.csproj", "{8533F93A-E303-417B-A69A-5D45BE6A540F}"
EndProject
Project("{2150E333-8FDC-42A3-9474-1A3956D46DE8}") = "Solution Items", "Solution Items", "{D1D00D22-BA2D-4E2F-AEC4-879FE07B3A04}"
	ProjectSection(SolutionItems) = preProject
		.gitignore = .gitignore
	EndProjectSection
EndProject
Global
	GlobalSection(SolutionConfigurationPlatforms) = preSolution
		Debug|Any CPU = Debug|Any CPU
		Release|Any CPU = Release|Any CPU
	EndGlobalSection
	GlobalSection(ProjectConfigurationPlatforms) = postSolution
		{28BA51F6-C95E-1768-77D3-A196B880819A}.Debug|Any CPU.ActiveCfg = Debug|Any CPU
		{28BA51F6-C95E-1768-77D3-A196B880819A}.Debug|Any CPU.Build.0 = Debug|Any CPU
		{28BA51F6-C95E-1768-77D3-A196B880819A}.Release|Any CPU.ActiveCfg = Release|Any CPU
		{28BA51F6-C95E-1768-77D3-A196B880819A}.Release|Any CPU.Build.0 = Release|Any CPU
		{F819BFE6-69A7-98B6-959C-1E065F20D5AB}.Debug|Any CPU.ActiveCfg = Debug|Any CPU
		{F819BFE6-69A7-98B6-959C-1E065F20D5AB}.Debug|Any CPU.Build.0 = Debug|Any CPU
		{F819BFE6-69A7-98B6-959C-1E065F20D5AB}.Release|Any CPU.ActiveCfg = Release|Any CPU
		{F819BFE6-69A7-98B6-959C-1E065F20D5AB}.Release|Any CPU.Build.0 = Release|Any CPU
		{8533F93A-E303-417B-A69A-5D45BE6A540F}.Debug|Any CPU.ActiveCfg = Debug|Any CPU
		{8533F93A-E303-417B-A69A-5D45BE6A540F}.Debug|Any CPU.Build.0 = Debug|Any CPU
		{8533F93A-E303-417B-A69A-5D45BE6A540F}.Release|Any CPU.ActiveCfg = Release|Any CPU
		{8533F93A-E303-417B-A69A-5D45BE6A540F}.Release|Any CPU.Build.0 = Release|Any CPU
	EndGlobalSection
	GlobalSection(SolutionProperties) = preSolution
		HideSolutionNode = FALSE
	EndGlobalSection
EndGlobal
